
Microsoft Visual Studio Solution File, Format Version 12.00
# Visual Studio 2012
Project("{FAE04EC0-301F-11D3-BF4B-00C04F79EFBC}") = "ThirtySeconds", "ThirtySeconds\ThirtySeconds.csproj", "{7BC58F83-3614-46B7-B0D9-68CEA10279A2}"
EndProject
Project("{FAE04EC0-301F-11D3-BF4B-00C04F79EFBC}") = "ThirtySeconds.iOS", "iOS\ThirtySeconds.iOS.csproj", "{416EA1A3-4357-4EA9-86D9-FDB716A47BED}"
EndProject
Project("{FAE04EC0-301F-11D3-BF4B-00C04F79EFBC}") = "ThirtySeconds.Droid", "Droid\ThirtySeconds.Droid.csproj", "{6537E637-4AE2-4CC2-BF6B-0AE29F2E9E29}"
EndProject
Global
	GlobalSection(SolutionConfigurationPlatforms) = preSolution
		Debug|Any CPU = Debug|Any CPU
		Release|Any CPU = Release|Any CPU
		Debug|iPhoneSimulator = Debug|iPhoneSimulator
		Release|iPhone = Release|iPhone
		Release|iPhoneSimulator = Release|iPhoneSimulator
		Debug|iPhone = Debug|iPhone
	EndGlobalSection
	GlobalSection(ProjectConfigurationPlatforms) = postSolution
		{7BC58F83-3614-46B7-B0D9-68CEA10279A2}.Debug|Any CPU.ActiveCfg = Debug|Any CPU
		{7BC58F83-3614-46B7-B0D9-68CEA10279A2}.Debug|Any CPU.Build.0 = Debug|Any CPU
		{7BC58F83-3614-46B7-B0D9-68CEA10279A2}.Release|Any CPU.ActiveCfg = Release|Any CPU
		{7BC58F83-3614-46B7-B0D9-68CEA10279A2}.Release|Any CPU.Build.0 = Release|Any CPU
		{7BC58F83-3614-46B7-B0D9-68CEA10279A2}.Debug|iPhoneSimulator.ActiveCfg = Debug|Any CPU
		{7BC58F83-3614-46B7-B0D9-68CEA10279A2}.Debug|iPhoneSimulator.Build.0 = Debug|Any CPU
		{7BC58F83-3614-46B7-B0D9-68CEA10279A2}.Release|iPhone.ActiveCfg = Release|Any CPU
		{7BC58F83-3614-46B7-B0D9-68CEA10279A2}.Release|iPhone.Build.0 = Release|Any CPU
		{7BC58F83-3614-46B7-B0D9-68CEA10279A2}.Release|iPhoneSimulator.ActiveCfg = Release|Any CPU
		{7BC58F83-3614-46B7-B0D9-68CEA10279A2}.Release|iPhoneSimulator.Build.0 = Release|Any CPU
		{7BC58F83-3614-46B7-B0D9-68CEA10279A2}.Debug|iPhone.ActiveCfg = Debug|Any CPU
		{7BC58F83-3614-46B7-B0D9-68CEA10279A2}.Debug|iPhone.Build.0 = Debug|Any CPU
		{416EA1A3-4357-4EA9-86D9-FDB716A47BED}.Debug|Any CPU.ActiveCfg = Debug|iPhoneSimulator
		{416EA1A3-4357-4EA9-86D9-FDB716A47BED}.Debug|Any CPU.Build.0 = Debug|iPhoneSimulator
		{416EA1A3-4357-4EA9-86D9-FDB716A47BED}.Release|Any CPU.ActiveCfg = Release|iPhone
		{416EA1A3-4357-4EA9-86D9-FDB716A47BED}.Release|Any CPU.Build.0 = Release|iPhone
		{416EA1A3-4357-4EA9-86D9-FDB716A47BED}.Debug|iPhoneSimulator.ActiveCfg = Debug|iPhoneSimulator
		{416EA1A3-4357-4EA9-86D9-FDB716A47BED}.Debug|iPhoneSimulator.Build.0 = Debug|iPhoneSimulator
		{416EA1A3-4357-4EA9-86D9-FDB716A47BED}.Release|iPhone.ActiveCfg = Release|iPhone
		{416EA1A3-4357-4EA9-86D9-FDB716A47BED}.Release|iPhone.Build.0 = Release|iPhone
		{416EA1A3-4357-4EA9-86D9-FDB716A47BED}.Release|iPhoneSimulator.ActiveCfg = Release|iPhoneSimulator
		{416EA1A3-4357-4EA9-86D9-FDB716A47BED}.Release|iPhoneSimulator.Build.0 = Release|iPhoneSimulator
		{416EA1A3-4357-4EA9-86D9-FDB716A47BED}.Debug|iPhone.ActiveCfg = Debug|iPhone
		{416EA1A3-4357-4EA9-86D9-FDB716A47BED}.Debug|iPhone.Build.0 = Debug|iPhone
		{6537E637-4AE2-4CC2-BF6B-0AE29F2E9E29}.Debug|Any CPU.ActiveCfg = Debug|Any CPU
		{6537E637-4AE2-4CC2-BF6B-0AE29F2E9E29}.Debug|Any CPU.Build.0 = Debug|Any CPU
		{6537E637-4AE2-4CC2-BF6B-0AE29F2E9E29}.Release|Any CPU.ActiveCfg = Release|Any CPU
		{6537E637-4AE2-4CC2-BF6B-0AE29F2E9E29}.Release|Any CPU.Build.0 = Release|Any CPU
		{6537E637-4AE2-4CC2-BF6B-0AE29F2E9E29}.Debug|iPhoneSimulator.ActiveCfg = Debug|Any CPU
		{6537E637-4AE2-4CC2-BF6B-0AE29F2E9E29}.Debug|iPhoneSimulator.Build.0 = Debug|Any CPU
		{6537E637-4AE2-4CC2-BF6B-0AE29F2E9E29}.Release|iPhone.ActiveCfg = Release|Any CPU
		{6537E637-4AE2-4CC2-BF6B-0AE29F2E9E29}.Release|iPhone.Build.0 = Release|Any CPU
		{6537E637-4AE2-4CC2-BF6B-0AE29F2E9E29}.Release|iPhoneSimulator.ActiveCfg = Release|Any CPU
		{6537E637-4AE2-4CC2-BF6B-0AE29F2E9E29}.Release|iPhoneSimulator.Build.0 = Release|Any CPU
		{6537E637-4AE2-4CC2-BF6B-0AE29F2E9E29}.Debug|iPhone.ActiveCfg = Debug|Any CPU
		{6537E637-4AE2-4CC2-BF6B-0AE29F2E9E29}.Debug|iPhone.Build.0 = Debug|Any CPU
	EndGlobalSection
EndGlobal
